
Microsoft Visual Studio Solution File, Format Version 12.00
# Visual Studio Version 16
VisualStudioVersion = 16.0.30114.105
MinimumVisualStudioVersion = 10.0.40219.1
Project("{FAE04EC0-301F-11D3-BF4B-00C04F79EFBC}") = "UntoMeWorld.Domain", "UntoMeWorld.Domain\UntoMeWorld.Domain.csproj", "{EA4018A3-6980-4971-8C9E-7BAEF47DDCD3}"
EndProject
Project("{FAE04EC0-301F-11D3-BF4B-00C04F79EFBC}") = "UntoMeWorld.MongoDatabase", "UntoMeWorld.MongoDatabase\UntoMeWorld.MongoDatabase.csproj", "{577F5844-B655-4975-B831-B10D141A6258}"
EndProject
Project("{FAE04EC0-301F-11D3-BF4B-00C04F79EFBC}") = "UntoMeWorld.WebClient.Client", "Client\UntoMeWorld.WebClient.Client.csproj", "{E7602F97-3715-488D-8254-F96DA6AC503F}"
EndProject
Project("{FAE04EC0-301F-11D3-BF4B-00C04F79EFBC}") = "UntoMeWorld.WebClient.Server", "Server\UntoMeWorld.WebClient.Server.csproj", "{07FA36B4-F83D-4EE8-BD67-C64B3B100AFE}"
EndProject
Project("{FAE04EC0-301F-11D3-BF4B-00C04F79EFBC}") = "UntoMeWorld.WebClient.Shared", "Shared\UntoMeWorld.WebClient.Shared.csproj", "{00663F05-9C62-42E2-8A2D-EE45ECBFDCF3}"
EndProject
Global
	GlobalSection(SolutionConfigurationPlatforms) = preSolution
		Debug|Any CPU = Debug|Any CPU
		Debug|x64 = Debug|x64
		Debug|x86 = Debug|x86
		Release|Any CPU = Release|Any CPU
		Release|x64 = Release|x64
		Release|x86 = Release|x86
	EndGlobalSection
	GlobalSection(SolutionProperties) = preSolution
		HideSolutionNode = FALSE
	EndGlobalSection
	GlobalSection(ProjectConfigurationPlatforms) = postSolution
		{EA4018A3-6980-4971-8C9E-7BAEF47DDCD3}.Debug|Any CPU.ActiveCfg = Debug|Any CPU
		{EA4018A3-6980-4971-8C9E-7BAEF47DDCD3}.Debug|Any CPU.Build.0 = Debug|Any CPU
		{EA4018A3-6980-4971-8C9E-7BAEF47DDCD3}.Debug|x64.ActiveCfg = Debug|Any CPU
		{EA4018A3-6980-4971-8C9E-7BAEF47DDCD3}.Debug|x64.Build.0 = Debug|Any CPU
		{EA4018A3-6980-4971-8C9E-7BAEF47DDCD3}.Debug|x86.ActiveCfg = Debug|Any CPU
		{EA4018A3-6980-4971-8C9E-7BAEF47DDCD3}.Debug|x86.Build.0 = Debug|Any CPU
		{EA4018A3-6980-4971-8C9E-7BAEF47DDCD3}.Release|Any CPU.ActiveCfg = Release|Any CPU
		{EA4018A3-6980-4971-8C9E-7BAEF47DDCD3}.Release|Any CPU.Build.0 = Release|Any CPU
		{EA4018A3-6980-4971-8C9E-7BAEF47DDCD3}.Release|x64.ActiveCfg = Release|Any CPU
		{EA4018A3-6980-4971-8C9E-7BAEF47DDCD3}.Release|x64.Build.0 = Release|Any CPU
		{EA4018A3-6980-4971-8C9E-7BAEF47DDCD3}.Release|x86.ActiveCfg = Release|Any CPU
		{EA4018A3-6980-4971-8C9E-7BAEF47DDCD3}.Release|x86.Build.0 = Release|Any CPU
		{577F5844-B655-4975-B831-B10D141A6258}.Debug|Any CPU.ActiveCfg = Debug|Any CPU
		{577F5844-B655-4975-B831-B10D141A6258}.Debug|Any CPU.Build.0 = Debug|Any CPU
		{577F5844-B655-4975-B831-B10D141A6258}.Debug|x64.ActiveCfg = Debug|Any CPU
		{577F5844-B655-4975-B831-B10D141A6258}.Debug|x64.Build.0 = Debug|Any CPU
		{577F5844-B655-4975-B831-B10D141A6258}.Debug|x86.ActiveCfg = Debug|Any CPU
		{577F5844-B655-4975-B831-B10D141A6258}.Debug|x86.Build.0 = Debug|Any CPU
		{577F5844-B655-4975-B831-B10D141A6258}.Release|Any CPU.ActiveCfg = Release|Any CPU
		{577F5844-B655-4975-B831-B10D141A6258}.Release|Any CPU.Build.0 = Release|Any CPU
		{577F5844-B655-4975-B831-B10D141A6258}.Release|x64.ActiveCfg = Release|Any CPU
		{577F5844-B655-4975-B831-B10D141A6258}.Release|x64.Build.0 = Release|Any CPU
		{577F5844-B655-4975-B831-B10D141A6258}.Release|x86.ActiveCfg = Release|Any CPU
		{577F5844-B655-4975-B831-B10D141A6258}.Release|x86.Build.0 = Release|Any CPU
		{E7602F97-3715-488D-8254-F96DA6AC503F}.Debug|Any CPU.ActiveCfg = Debug|Any CPU
		{E7602F97-3715-488D-8254-F96DA6AC503F}.Debug|Any CPU.Build.0 = Debug|Any CPU
		{E7602F97-3715-488D-8254-F96DA6AC503F}.Debug|x64.ActiveCfg = Debug|Any CPU
		{E7602F97-3715-488D-8254-F96DA6AC503F}.Debug|x64.Build.0 = Debug|Any CPU
		{E7602F97-3715-488D-8254-F96DA6AC503F}.Debug|x86.ActiveCfg = Debug|Any CPU
		{E7602F97-3715-488D-8254-F96DA6AC503F}.Debug|x86.Build.0 = Debug|Any CPU
		{E7602F97-3715-488D-8254-F96DA6AC503F}.Release|Any CPU.ActiveCfg = Release|Any CPU
		{E7602F97-3715-488D-8254-F96DA6AC503F}.Release|Any CPU.Build.0 = Release|Any CPU
		{E7602F97-3715-488D-8254-F96DA6AC503F}.Release|x64.ActiveCfg = Release|Any CPU
		{E7602F97-3715-488D-8254-F96DA6AC503F}.Release|x64.Build.0 = Release|Any CPU
		{E7602F97-3715-488D-8254-F96DA6AC503F}.Release|x86.ActiveCfg = Release|Any CPU
		{E7602F97-3715-488D-8254-F96DA6AC503F}.Release|x86.Build.0 = Release|Any CPU
		{07FA36B4-F83D-4EE8-BD67-C64B3B100AFE}.Debug|Any CPU.ActiveCfg = Debug|Any CPU
		{07FA36B4-F83D-4EE8-BD67-C64B3B100AFE}.Debug|Any CPU.Build.0 = Debug|Any CPU
		{07FA36B4-F83D-4EE8-BD67-C64B3B100AFE}.Debug|x64.ActiveCfg = Debug|Any CPU
		{07FA36B4-F83D-4EE8-BD67-C64B3B100AFE}.Debug|x64.Build.0 = Debug|Any CPU
		{07FA36B4-F83D-4EE8-BD67-C64B3B100AFE}.Debug|x86.ActiveCfg = Debug|Any CPU
		{07FA36B4-F83D-4EE8-BD67-C64B3B100AFE}.Debug|x86.Build.0 = Debug|Any CPU
		{07FA36B4-F83D-4EE8-BD67-C64B3B100AFE}.Release|Any CPU.ActiveCfg = Release|Any CPU
		{07FA36B4-F83D-4EE8-BD67-C64B3B100AFE}.Release|Any CPU.Build.0 = Release|Any CPU
		{07FA36B4-F83D-4EE8-BD67-C64B3B100AFE}.Release|x64.ActiveCfg = Release|Any CPU
		{07FA36B4-F83D-4EE8-BD67-C64B3B100AFE}.Release|x64.Build.0 = Release|Any CPU
		{07FA36B4-F83D-4EE8-BD67-C64B3B100AFE}.Release|x86.ActiveCfg = Release|Any CPU
		{07FA36B4-F83D-4EE8-BD67-C64B3B100AFE}.Release|x86.Build.0 = Release|Any CPU
		{00663F05-9C62-42E2-8A2D-EE45ECBFDCF3}.Debug|Any CPU.ActiveCfg = Debug|Any CPU
		{00663F05-9C62-42E2-8A2D-EE45ECBFDCF3}.Debug|Any CPU.Build.0 = Debug|Any CPU
		{00663F05-9C62-42E2-8A2D-EE45ECBFDCF3}.Debug|x64.ActiveCfg = Debug|Any CPU
		{00663F05-9C62-42E2-8A2D-EE45ECBFDCF3}.Debug|x64.Build.0 = Debug|Any CPU
		{00663F05-9C62-42E2-8A2D-EE45ECBFDCF3}.Debug|x86.ActiveCfg = Debug|Any CPU
		{00663F05-9C62-42E2-8A2D-EE45ECBFDCF3}.Debug|x86.Build.0 = Debug|Any CPU
		{00663F05-9C62-42E2-8A2D-EE45ECBFDCF3}.Release|Any CPU.ActiveCfg = Release|Any CPU
		{00663F05-9C62-42E2-8A2D-EE45ECBFDCF3}.Release|Any CPU.Build.0 = Release|Any CPU
		{00663F05-9C62-42E2-8A2D-EE45ECBFDCF3}.Release|x64.ActiveCfg = Release|Any CPU
		{00663F05-9C62-42E2-8A2D-EE45ECBFDCF3}.Release|x64.Build.0 = Release|Any CPU
		{00663F05-9C62-42E2-8A2D-EE45ECBFDCF3}.Release|x86.ActiveCfg = Release|Any CPU
		{00663F05-9C62-42E2-8A2D-EE45ECBFDCF3}.Release|x86.Build.0 = Release|Any CPU
	EndGlobalSection
EndGlobal
