
Microsoft Visual Studio Solution File, Format Version 12.00
# Visual Studio Version 16
VisualStudioVersion = 16.0.30114.105
MinimumVisualStudioVersion = 10.0.40219.1
Project("{FAE04EC0-301F-11D3-BF4B-00C04F79EFBC}") = "UntoMeWorld.Domain", "UntoMeWorld.Domain\UntoMeWorld.Domain.csproj", "{EA4018A3-6980-4971-8C9E-7BAEF47DDCD3}"
EndProject
Project("{FAE04EC0-301F-11D3-BF4B-00C04F79EFBC}") = "UntoMeWorld.MongoDatabase", "UntoMeWorld.MongoDatabase\UntoMeWorld.MongoDatabase.csproj", "{577F5844-B655-4975-B831-B10D141A6258}"
EndProject
Project("{2150E333-8FDC-42A3-9474-1A3956D46DE8}") = "UntoMeWorld.WasmClient", "UntoMeWorld.WasmClient", "{DDD5BA41-4239-46C9-AC3C-0CF00AABBD4A}"
EndProject
Project("{FAE04EC0-301F-11D3-BF4B-00C04F79EFBC}") = "UntoMeWorld.WasmClient.Server", "UntoMeWorld.WasmClient\Server\UntoMeWorld.WasmClient.Server.csproj", "{FDD73A89-6E50-409A-818A-C17B6ABA4DF1}"
EndProject
Project("{FAE04EC0-301F-11D3-BF4B-00C04F79EFBC}") = "UntoMeWorld.WasmClient.Shared", "UntoMeWorld.WasmClient\Shared\UntoMeWorld.WasmClient.Shared.csproj", "{7D67F0E0-AC63-43AD-8E31-20615A74C59D}"
EndProject
Project("{FAE04EC0-301F-11D3-BF4B-00C04F79EFBC}") = "UntoMeWorld.WasmClient.Client", "UntoMeWorld.WasmClient\Client\UntoMeWorld.WasmClient.Client.csproj", "{D0E6BF7B-EF67-40F7-B29E-F1432E6A94A1}"
EndProject
Global
	GlobalSection(SolutionConfigurationPlatforms) = preSolution
		Debug|Any CPU = Debug|Any CPU
		Debug|x64 = Debug|x64
		Debug|x86 = Debug|x86
		Release|Any CPU = Release|Any CPU
		Release|x64 = Release|x64
		Release|x86 = Release|x86
	EndGlobalSection
	GlobalSection(SolutionProperties) = preSolution
		HideSolutionNode = FALSE
	EndGlobalSection
	GlobalSection(ProjectConfigurationPlatforms) = postSolution
		{EA4018A3-6980-4971-8C9E-7BAEF47DDCD3}.Debug|Any CPU.ActiveCfg = Debug|Any CPU
		{EA4018A3-6980-4971-8C9E-7BAEF47DDCD3}.Debug|Any CPU.Build.0 = Debug|Any CPU
		{EA4018A3-6980-4971-8C9E-7BAEF47DDCD3}.Debug|x64.ActiveCfg = Debug|Any CPU
		{EA4018A3-6980-4971-8C9E-7BAEF47DDCD3}.Debug|x64.Build.0 = Debug|Any CPU
		{EA4018A3-6980-4971-8C9E-7BAEF47DDCD3}.Debug|x86.ActiveCfg = Debug|Any CPU
		{EA4018A3-6980-4971-8C9E-7BAEF47DDCD3}.Debug|x86.Build.0 = Debug|Any CPU
		{EA4018A3-6980-4971-8C9E-7BAEF47DDCD3}.Release|Any CPU.ActiveCfg = Release|Any CPU
		{EA4018A3-6980-4971-8C9E-7BAEF47DDCD3}.Release|Any CPU.Build.0 = Release|Any CPU
		{EA4018A3-6980-4971-8C9E-7BAEF47DDCD3}.Release|x64.ActiveCfg = Release|Any CPU
		{EA4018A3-6980-4971-8C9E-7BAEF47DDCD3}.Release|x64.Build.0 = Release|Any CPU
		{EA4018A3-6980-4971-8C9E-7BAEF47DDCD3}.Release|x86.ActiveCfg = Release|Any CPU
		{EA4018A3-6980-4971-8C9E-7BAEF47DDCD3}.Release|x86.Build.0 = Release|Any CPU
		{577F5844-B655-4975-B831-B10D141A6258}.Debug|Any CPU.ActiveCfg = Debug|Any CPU
		{577F5844-B655-4975-B831-B10D141A6258}.Debug|Any CPU.Build.0 = Debug|Any CPU
		{577F5844-B655-4975-B831-B10D141A6258}.Debug|x64.ActiveCfg = Debug|Any CPU
		{577F5844-B655-4975-B831-B10D141A6258}.Debug|x64.Build.0 = Debug|Any CPU
		{577F5844-B655-4975-B831-B10D141A6258}.Debug|x86.ActiveCfg = Debug|Any CPU
		{577F5844-B655-4975-B831-B10D141A6258}.Debug|x86.Build.0 = Debug|Any CPU
		{577F5844-B655-4975-B831-B10D141A6258}.Release|Any CPU.ActiveCfg = Release|Any CPU
		{577F5844-B655-4975-B831-B10D141A6258}.Release|Any CPU.Build.0 = Release|Any CPU
		{577F5844-B655-4975-B831-B10D141A6258}.Release|x64.ActiveCfg = Release|Any CPU
		{577F5844-B655-4975-B831-B10D141A6258}.Release|x64.Build.0 = Release|Any CPU
		{577F5844-B655-4975-B831-B10D141A6258}.Release|x86.ActiveCfg = Release|Any CPU
		{577F5844-B655-4975-B831-B10D141A6258}.Release|x86.Build.0 = Release|Any CPU
		{FDD73A89-6E50-409A-818A-C17B6ABA4DF1}.Debug|Any CPU.ActiveCfg = Debug|Any CPU
		{FDD73A89-6E50-409A-818A-C17B6ABA4DF1}.Debug|Any CPU.Build.0 = Debug|Any CPU
		{FDD73A89-6E50-409A-818A-C17B6ABA4DF1}.Debug|x64.ActiveCfg = Debug|Any CPU
		{FDD73A89-6E50-409A-818A-C17B6ABA4DF1}.Debug|x64.Build.0 = Debug|Any CPU
		{FDD73A89-6E50-409A-818A-C17B6ABA4DF1}.Debug|x86.ActiveCfg = Debug|Any CPU
		{FDD73A89-6E50-409A-818A-C17B6ABA4DF1}.Debug|x86.Build.0 = Debug|Any CPU
		{FDD73A89-6E50-409A-818A-C17B6ABA4DF1}.Release|Any CPU.ActiveCfg = Release|Any CPU
		{FDD73A89-6E50-409A-818A-C17B6ABA4DF1}.Release|Any CPU.Build.0 = Release|Any CPU
		{FDD73A89-6E50-409A-818A-C17B6ABA4DF1}.Release|x64.ActiveCfg = Release|Any CPU
		{FDD73A89-6E50-409A-818A-C17B6ABA4DF1}.Release|x64.Build.0 = Release|Any CPU
		{FDD73A89-6E50-409A-818A-C17B6ABA4DF1}.Release|x86.ActiveCfg = Release|Any CPU
		{FDD73A89-6E50-409A-818A-C17B6ABA4DF1}.Release|x86.Build.0 = Release|Any CPU
		{7D67F0E0-AC63-43AD-8E31-20615A74C59D}.Debug|Any CPU.ActiveCfg = Debug|Any CPU
		{7D67F0E0-AC63-43AD-8E31-20615A74C59D}.Debug|Any CPU.Build.0 = Debug|Any CPU
		{7D67F0E0-AC63-43AD-8E31-20615A74C59D}.Debug|x64.ActiveCfg = Debug|Any CPU
		{7D67F0E0-AC63-43AD-8E31-20615A74C59D}.Debug|x64.Build.0 = Debug|Any CPU
		{7D67F0E0-AC63-43AD-8E31-20615A74C59D}.Debug|x86.ActiveCfg = Debug|Any CPU
		{7D67F0E0-AC63-43AD-8E31-20615A74C59D}.Debug|x86.Build.0 = Debug|Any CPU
		{7D67F0E0-AC63-43AD-8E31-20615A74C59D}.Release|Any CPU.ActiveCfg = Release|Any CPU
		{7D67F0E0-AC63-43AD-8E31-20615A74C59D}.Release|Any CPU.Build.0 = Release|Any CPU
		{7D67F0E0-AC63-43AD-8E31-20615A74C59D}.Release|x64.ActiveCfg = Release|Any CPU
		{7D67F0E0-AC63-43AD-8E31-20615A74C59D}.Release|x64.Build.0 = Release|Any CPU
		{7D67F0E0-AC63-43AD-8E31-20615A74C59D}.Release|x86.ActiveCfg = Release|Any CPU
		{7D67F0E0-AC63-43AD-8E31-20615A74C59D}.Release|x86.Build.0 = Release|Any CPU
		{D0E6BF7B-EF67-40F7-B29E-F1432E6A94A1}.Debug|Any CPU.ActiveCfg = Debug|Any CPU
		{D0E6BF7B-EF67-40F7-B29E-F1432E6A94A1}.Debug|Any CPU.Build.0 = Debug|Any CPU
		{D0E6BF7B-EF67-40F7-B29E-F1432E6A94A1}.Debug|x64.ActiveCfg = Debug|Any CPU
		{D0E6BF7B-EF67-40F7-B29E-F1432E6A94A1}.Debug|x64.Build.0 = Debug|Any CPU
		{D0E6BF7B-EF67-40F7-B29E-F1432E6A94A1}.Debug|x86.ActiveCfg = Debug|Any CPU
		{D0E6BF7B-EF67-40F7-B29E-F1432E6A94A1}.Debug|x86.Build.0 = Debug|Any CPU
		{D0E6BF7B-EF67-40F7-B29E-F1432E6A94A1}.Release|Any CPU.ActiveCfg = Release|Any CPU
		{D0E6BF7B-EF67-40F7-B29E-F1432E6A94A1}.Release|Any CPU.Build.0 = Release|Any CPU
		{D0E6BF7B-EF67-40F7-B29E-F1432E6A94A1}.Release|x64.ActiveCfg = Release|Any CPU
		{D0E6BF7B-EF67-40F7-B29E-F1432E6A94A1}.Release|x64.Build.0 = Release|Any CPU
		{D0E6BF7B-EF67-40F7-B29E-F1432E6A94A1}.Release|x86.ActiveCfg = Release|Any CPU
		{D0E6BF7B-EF67-40F7-B29E-F1432E6A94A1}.Release|x86.Build.0 = Release|Any CPU
	EndGlobalSection
	GlobalSection(NestedProjects) = preSolution
		{FDD73A89-6E50-409A-818A-C17B6ABA4DF1} = {DDD5BA41-4239-46C9-AC3C-0CF00AABBD4A}
		{7D67F0E0-AC63-43AD-8E31-20615A74C59D} = {DDD5BA41-4239-46C9-AC3C-0CF00AABBD4A}
		{D0E6BF7B-EF67-40F7-B29E-F1432E6A94A1} = {DDD5BA41-4239-46C9-AC3C-0CF00AABBD4A}
	EndGlobalSection
EndGlobal
